{
	"name": "pi-bolt-opensec-plugins",
	"lockfileVersion": 3,
	"requires": true,
	"packages": {
		"": {
			"name": "pi-bolt-opensec-plugins",
			"dependencies": {
				"opensec-pi-subagents": "0.20.0",
				"opensec-pi-todo": "2.13.0"
			}
		},
		"node_modules/opensec-pi-subagents": {
			"version": "0.20.0",
			"resolved": "https://registry.npmjs.org/opensec-pi-subagents/-/opensec-pi-subagents-0.20.0.tgz",
			"integrity": "sha512-2CdDoIrHtiglfSts4x/jgHrPWhQG5VzjSz+rUe36VIBYBnvgUPeODWIL2r/ysj/0n0tyC4+CBMltc5x14MTcnw==",
			"license": "Apache-2.0",
			"engines": {
				"bun": ">=1.3.0"
			},
			"peerDependencies": {
				"@earendil-works/pi-ai": ">=0.84.0",
				"@earendil-works/pi-coding-agent": ">=0.84.0",
				"@earendil-works/pi-tui": ">=0.84.0"
			}
		},
		"node_modules/opensec-pi-todo": {
			"version": "2.13.0",
			"resolved": "https://registry.npmjs.org/opensec-pi-todo/-/opensec-pi-todo-2.13.0.tgz",
			"integrity": "sha512-OdetQV+BnD4p45VONjuiwHXkF0tZHQ8BnxcTtYj+yXyiX3Ffjp/Q6ASYJaQL00CmVLTGae1OIxo9oDOV1/C9Jw==",
			"license": "Apache-2.0",
			"engines": {
				"bun": ">=1.3.0"
			},
			"peerDependencies": {
				"@earendil-works/pi-ai": "*",
				"@earendil-works/pi-coding-agent": "*",
				"@earendil-works/pi-tui": "*",
				"typebox": "*"
			}
		}
	}
}
